
Microsoft Visual Studio Solution File, Format Version 12.00
# Visual Studio Version 17
VisualStudioVersion = 17.9.34622.214
MinimumVisualStudioVersion = 10.0.40219.1
Project("{FAE04EC0-301F-11D3-BF4B-00C04F79EFBC}") = "auto_subscribe_youtube", "auto_subscribe_youtube\auto_subscribe_youtube.csproj", "{5B617D86-78D8-4F1C-820C-E702658F9684}"
EndProject
Global
	GlobalSection(SolutionConfigurationPlatforms) = preSolution
		Debug|Any CPU = Debug|Any CPU
		Release|Any CPU = Release|Any CPU
	EndGlobalSection
	GlobalSection(ProjectConfigurationPlatforms) = postSolution
		{5B617D86-78D8-4F1C-820C-E702658F9684}.Debug|Any CPU.ActiveCfg = Debug|Any CPU
		{5B617D86-78D8-4F1C-820C-E702658F9684}.Debug|Any CPU.Build.0 = Debug|Any CPU
		{5B617D86-78D8-4F1C-820C-E702658F9684}.Release|Any CPU.ActiveCfg = Release|Any CPU
		{5B617D86-78D8-4F1C-820C-E702658F9684}.Release|Any CPU.Build.0 = Release|Any CPU
	EndGlobalSection
	GlobalSection(SolutionProperties) = preSolution
		HideSolutionNode = FALSE
	EndGlobalSection
	GlobalSection(ExtensibilityGlobals) = postSolution
		SolutionGuid = {D000F91C-378F-4BEC-8436-C381448BA74A}
	EndGlobalSection
EndGlobal
